
Microsoft Visual Studio Solution File, Format Version 12.00
# Visual Studio 15
VisualStudioVersion = 15.0.28307.757
MinimumVisualStudioVersion = 10.0.40219.1
Project("{2150E333-8FDC-42A3-9474-1A3956D46DE8}") = "Controllers", "Controllers", "{0F06B1D5-8770-4F4F-8462-897D0C71ECD3}"
EndProject
Project("{FAE04EC0-301F-11D3-BF4B-00C04F79EFBC}") = "Controllers.ResharperAnalysisService", "Controllers\Controllers.ResharperAnalysisService\Controllers.ResharperAnalysisService.csproj", "{F91520C8-C201-42DC-ABEC-22D21CC6B737}"
EndProject
Project("{FAE04EC0-301F-11D3-BF4B-00C04F79EFBC}") = "Controllers.PVSAnalysisService", "Controllers\Controllers.PVSAnalysisService\Controllers.PVSAnalysisService.csproj", "{9A573D54-2961-49E2-B9D5-9192352FBF96}"
EndProject
Project("{FAE04EC0-301F-11D3-BF4B-00C04F79EFBC}") = "Controllers.StaticCodeAnalysisService", "Controllers\Controllers.StaticCodeAnalysisService\Controllers.StaticCodeAnalysisService.csproj", "{264624D8-11F4-47EB-876A-AA18B802D89B}"
EndProject
Project("{2150E333-8FDC-42A3-9474-1A3956D46DE8}") = "Contracts", "Contracts", "{80EA8BC7-D605-498B-BD65-92832DF14B82}"
EndProject
Project("{FAE04EC0-301F-11D3-BF4B-00C04F79EFBC}") = "Contracts.DownloadRepository", "Contracts\Contracts.DownloadRepository\Contracts.DownloadRepository.csproj", "{CBD1E572-3A05-493E-B1C6-D5E2881B3832}"
EndProject
Project("{FAE04EC0-301F-11D3-BF4B-00C04F79EFBC}") = "Contracts.ReportParser", "Contracts\Contracts.ReportParser\Contracts.ReportParser.csproj", "{066D0235-F490-4846-973E-8F52BB9A0CFE}"
EndProject
Project("{FAE04EC0-301F-11D3-BF4B-00C04F79EFBC}") = "Contracts.ToolExecuter", "Contracts\Contracts.ToolExecuter\Contracts.ToolExecuter.csproj", "{61A0E429-B0C0-4272-BBA3-1B83D12074D2}"
EndProject
Project("{FAE04EC0-301F-11D3-BF4B-00C04F79EFBC}") = "Contracts.CodeAnalysisGater", "Contracts\Contracts.CodeAnalysisGater\Contracts.CodeAnalysisGater.csproj", "{04FB76C6-557A-499A-A22D-BABBC048B1A0}"
EndProject
Project("{2150E333-8FDC-42A3-9474-1A3956D46DE8}") = "Models", "Models", "{4E7D8AB3-BF9C-4D55-BDC8-039BDEFE5746}"
EndProject
Project("{FAE04EC0-301F-11D3-BF4B-00C04F79EFBC}") = "Models.AnalysisReport", "Models\Models.AnalysisReport\Models.AnalysisReport.csproj", "{946E1E35-66B1-4ADF-BA64-C0D490FD1428}"
EndProject
Project("{FAE04EC0-301F-11D3-BF4B-00C04F79EFBC}") = "Models.Tools", "Models\Models.Tools\Models.Tools.csproj", "{31C472DB-F297-4173-B07B-DEAAB9DE331B}"
EndProject
Project("{FAE04EC0-301F-11D3-BF4B-00C04F79EFBC}") = "Contracts.AuthenticationRepository", "Contracts\Contracts.AuthenticationRepository\Contracts.AuthenticationRepository.csproj", "{EBCA46BD-41FD-44F8-B792-2423DD7F4E4F}"
EndProject
Project("{FAE04EC0-301F-11D3-BF4B-00C04F79EFBC}") = "Contracts.UserCodeAnalysisRepository", "Contracts\Contracts.UserCodeAnalysisRepository\Contracts.UserCodeAnalysisRepository.csproj", "{85CE8263-57EC-47E0-BF97-4995BF73C19E}"
EndProject
Project("{2150E333-8FDC-42A3-9474-1A3956D46DE8}") = "DataAccessLayer", "DataAccessLayer", "{FE45AFDF-3F27-4459-90F4-B8D2496C29A7}"
EndProject
Project("{FAE04EC0-301F-11D3-BF4B-00C04F79EFBC}") = "DataAccessLayer.UserAuthenticationRepository", "DataAccessLayer\DataAccessLayer.UserAuthenticationRepository\DataAccessLayer.UserAuthenticationRepository.csproj", "{97DBEC93-7776-4280-AEEA-A6299CF4A213}"
EndProject
Project("{FAE04EC0-301F-11D3-BF4B-00C04F79EFBC}") = "DataAccessLayer.GithubDownloadRepository", "DataAccessLayer\DataAccessLayer.GithubDownloadRepository\DataAccessLayer.GithubDownloadRepository.csproj", "{17D23311-E0C8-4D62-8800-2F8EE376648D}"
EndProject
Project("{FAE04EC0-301F-11D3-BF4B-00C04F79EFBC}") = "DataAccessLayer.UserCodeAnalysisRepository", "DataAccessLayer\DataAccessLayer.UserCodeAnalysisRepository\DataAccessLayer.UserCodeAnalysisRepository.csproj", "{12269B29-5094-4E71-911A-ED8B03FC5401}"
EndProject
Project("{2150E333-8FDC-42A3-9474-1A3956D46DE8}") = "Resharper", "Resharper", "{00DF34FE-7B81-47FE-BAB2-86FD695F7214}"
EndProject
Project("{FAE04EC0-301F-11D3-BF4B-00C04F79EFBC}") = "Resharper.ToolExecuterLib", "Resharper\Resharper.ToolExecuterLib\Resharper.ToolExecuterLib.csproj", "{F3C95844-1BAC-4E8E-9F86-4C04531D2AB8}"
EndProject
Project("{FAE04EC0-301F-11D3-BF4B-00C04F79EFBC}") = "Resharper.ReportParserLib", "Resharper\Resharper.ReportParserLib\Resharper.ReportParserLib.csproj", "{7F6A3564-1383-4678-B17E-9D3F2A6FEF32}"
EndProject
Project("{2150E333-8FDC-42A3-9474-1A3956D46DE8}") = "PVS", "PVS", "{D2BC884A-CDE4-4CAD-B6D4-5A601AD768FF}"
EndProject
Project("{FAE04EC0-301F-11D3-BF4B-00C04F79EFBC}") = "PVS.ToolExecuterLib", "PVS\PVS.ToolExecuterLib\PVS.ToolExecuterLib.csproj", "{EE3D93CD-39A2-4B95-97C0-29ABB76DA3D1}"
EndProject
Project("{FAE04EC0-301F-11D3-BF4B-00C04F79EFBC}") = "PVS.ReportParserLib", "PVS\PVS.ReportParserLib\PVS.ReportParserLib.csproj", "{D89A3C33-E0EE-4C55-B6EB-06A1994F56B3}"
EndProject
Project("{2150E333-8FDC-42A3-9474-1A3956D46DE8}") = "CodeAnalysisGater", "CodeAnalysisGater", "{0A0716E3-69D3-4200-83B4-3BA2B27D9389}"
EndProject
Project("{FAE04EC0-301F-11D3-BF4B-00C04F79EFBC}") = "CodeAnalysisGater.GaterLib", "CodeAnalysisGater\CodeAnalysisGater.GaterLib\CodeAnalysisGater.GaterLib.csproj", "{57947A83-33E4-4A09-B2E9-99C749E20A7B}"
EndProject
Project("{2150E333-8FDC-42A3-9474-1A3956D46DE8}") = "Test.Unit", "Test.Unit", "{E0FAAD69-EF87-40E1-818E-DBDD6E48C17D}"
EndProject
Project("{2150E333-8FDC-42A3-9474-1A3956D46DE8}") = "Test.E2E", "Test.E2E", "{B1D2F6F1-2B03-42BE-86CE-81A731322285}"
EndProject
Project("{2150E333-8FDC-42A3-9474-1A3956D46DE8}") = "Utility", "Utility", "{CF1A2E24-BFC5-4310-92C7-873B96D90E49}"
EndProject
Project("{FAE04EC0-301F-11D3-BF4B-00C04F79EFBC}") = "Utility.SqlHelper", "Utility\Utility.SqlHelper\Utility.SqlHelper.csproj", "{11C3069D-C855-4FCA-8DB8-7E05BB1347B6}"
EndProject
Project("{FAE04EC0-301F-11D3-BF4B-00C04F79EFBC}") = "Test.Unit.UserAuthenticationRepository", "Test.Unit\Test.Unit.UserAuthenticationRepository\Test.Unit.UserAuthenticationRepository.csproj", "{2574F94D-D00F-4972-AF2D-FA5B87FFC7AA}"
EndProject
Project("{FAE04EC0-301F-11D3-BF4B-00C04F79EFBC}") = "Test.Unit.UserCodeAnalysisRepository", "Test.Unit\Test.Unit.UserCodeAnalysisRepository\Test.Unit.UserCodeAnalysisRepository.csproj", "{442102FA-396C-4581-ADDF-6F66894DF48D}"
EndProject
Project("{FAE04EC0-301F-11D3-BF4B-00C04F79EFBC}") = "Unit.Test.GithubDownloadRepository", "Test.Unit\Unit.Test.GithubDownloadRepository\Unit.Test.GithubDownloadRepository.csproj", "{AC8636A8-D190-407E-BED0-0925BB799A7B}"
EndProject
Project("{FAE04EC0-301F-11D3-BF4B-00C04F79EFBC}") = "Test.Unit.PVSToolExecuter", "Test.Unit\Test.Unit.PVSToolExecuter\Test.Unit.PVSToolExecuter.csproj", "{A68C595B-A306-48CA-8537-B3C3354F3263}"
EndProject
Project("{FAE04EC0-301F-11D3-BF4B-00C04F79EFBC}") = "Test.unit.ResharperToolExecuter", "Test.Unit\Test.unit.ResharperToolExecuter\Test.unit.ResharperToolExecuter.csproj", "{72A484AB-E1E4-45F0-9FC6-6CC054E27990}"
EndProject
Project("{FAE04EC0-301F-11D3-BF4B-00C04F79EFBC}") = "Test.Unit.ResharperReportParser", "Test.Unit\Test.Unit.ResharperReportParser\Test.Unit.ResharperReportParser.csproj", "{477AC8E8-B389-4C95-B59C-F8376C6B2BE7}"
EndProject
Project("{FAE04EC0-301F-11D3-BF4B-00C04F79EFBC}") = "Utility.FilePathHelper", "Utility\Utility.FilePathHelper\Utility.FilePathHelper.csproj", "{95AB043C-C196-498C-94A8-AA53C1764F27}"
EndProject
Project("{FAE04EC0-301F-11D3-BF4B-00C04F79EFBC}") = "Test.Unit.PVSReportParser", "Test.Unit\Test.Unit.PVSReportParser\Test.Unit.PVSReportParser.csproj", "{64610B47-0834-43FB-9D3B-A5A6B66F22E5}"
EndProject
Project("{FAE04EC0-301F-11D3-BF4B-00C04F79EFBC}") = "Test.Unit.CodeAnalysisGater", "Test.Unit\Test.Unit.CodeAnalysisGater\Test.Unit.CodeAnalysisGater.csproj", "{3F3D9A74-2A5C-4C2A-8155-3FDF219F6CD3}"
EndProject
Project("{FAE04EC0-301F-11D3-BF4B-00C04F79EFBC}") = "Test.E2E.StaticCodeAnalysis", "Test.E2E\Test.E2E.StaticCodeAnalysis\Test.E2E.StaticCodeAnalysis.csproj", "{AA4CDC40-985D-489B-973F-EC0127688420}"
	ProjectSection(ProjectDependencies) = postProject
		{264624D8-11F4-47EB-876A-AA18B802D89B} = {264624D8-11F4-47EB-876A-AA18B802D89B}
	EndProjectSection
EndProject
Project("{FAE04EC0-301F-11D3-BF4B-00C04F79EFBC}") = "Models.GatingResult", "Models\Models.GatingResult\Models.GatingResult.csproj", "{B1FA515F-5BFC-4DE5-90FD-EEDB5AC881A5}"
EndProject
Project("{2150E333-8FDC-42A3-9474-1A3956D46DE8}") = "Simian", "Simian", "{88048ECB-E777-4712-B477-79563C21B34F}"
EndProject
Project("{FAE04EC0-301F-11D3-BF4B-00C04F79EFBC}") = "Simian.ToolExecuterLib", "Simian\Simian.ToolExecuterLib\Simian.ToolExecuterLib.csproj", "{3B443578-D6D4-4A4F-A7F7-2769CC566903}"
EndProject
Project("{FAE04EC0-301F-11D3-BF4B-00C04F79EFBC}") = "Simian.ReportParserLib", "Simian\Simian.ReportParserLib\Simian.ReportParserLib.csproj", "{370FFDF9-1DC6-4969-8739-FABE45F5C533}"
EndProject
Project("{FAE04EC0-301F-11D3-BF4B-00C04F79EFBC}") = "Test.Unit.SimianToolExecuter", "Test.Unit\Test.Unit.SimianToolExecuter\Test.Unit.SimianToolExecuter.csproj", "{1838C611-0FAC-444A-B7D1-96E9FC95724D}"
EndProject
Project("{FAE04EC0-301F-11D3-BF4B-00C04F79EFBC}") = "Test.Unit.SimianReportParser", "Test.Unit\Test.Unit.SimianReportParser\Test.Unit.SimianReportParser.csproj", "{C4A11A38-9DA4-4F29-9273-7FAE135E20B5}"
EndProject
Global
	GlobalSection(SolutionConfigurationPlatforms) = preSolution
		Debug|Any CPU = Debug|Any CPU
		Release|Any CPU = Release|Any CPU
	EndGlobalSection
	GlobalSection(ProjectConfigurationPlatforms) = postSolution
		{F91520C8-C201-42DC-ABEC-22D21CC6B737}.Debug|Any CPU.ActiveCfg = Debug|Any CPU
		{F91520C8-C201-42DC-ABEC-22D21CC6B737}.Debug|Any CPU.Build.0 = Debug|Any CPU
		{F91520C8-C201-42DC-ABEC-22D21CC6B737}.Release|Any CPU.ActiveCfg = Release|Any CPU
		{F91520C8-C201-42DC-ABEC-22D21CC6B737}.Release|Any CPU.Build.0 = Release|Any CPU
		{9A573D54-2961-49E2-B9D5-9192352FBF96}.Debug|Any CPU.ActiveCfg = Debug|Any CPU
		{9A573D54-2961-49E2-B9D5-9192352FBF96}.Debug|Any CPU.Build.0 = Debug|Any CPU
		{9A573D54-2961-49E2-B9D5-9192352FBF96}.Release|Any CPU.ActiveCfg = Release|Any CPU
		{9A573D54-2961-49E2-B9D5-9192352FBF96}.Release|Any CPU.Build.0 = Release|Any CPU
		{264624D8-11F4-47EB-876A-AA18B802D89B}.Debug|Any CPU.ActiveCfg = Debug|Any CPU
		{264624D8-11F4-47EB-876A-AA18B802D89B}.Debug|Any CPU.Build.0 = Debug|Any CPU
		{264624D8-11F4-47EB-876A-AA18B802D89B}.Release|Any CPU.ActiveCfg = Release|Any CPU
		{264624D8-11F4-47EB-876A-AA18B802D89B}.Release|Any CPU.Build.0 = Release|Any CPU
		{CBD1E572-3A05-493E-B1C6-D5E2881B3832}.Debug|Any CPU.ActiveCfg = Debug|Any CPU
		{CBD1E572-3A05-493E-B1C6-D5E2881B3832}.Debug|Any CPU.Build.0 = Debug|Any CPU
		{CBD1E572-3A05-493E-B1C6-D5E2881B3832}.Release|Any CPU.ActiveCfg = Release|Any CPU
		{CBD1E572-3A05-493E-B1C6-D5E2881B3832}.Release|Any CPU.Build.0 = Release|Any CPU
		{066D0235-F490-4846-973E-8F52BB9A0CFE}.Debug|Any CPU.ActiveCfg = Debug|Any CPU
		{066D0235-F490-4846-973E-8F52BB9A0CFE}.Debug|Any CPU.Build.0 = Debug|Any CPU
		{066D0235-F490-4846-973E-8F52BB9A0CFE}.Release|Any CPU.ActiveCfg = Release|Any CPU
		{066D0235-F490-4846-973E-8F52BB9A0CFE}.Release|Any CPU.Build.0 = Release|Any CPU
		{61A0E429-B0C0-4272-BBA3-1B83D12074D2}.Debug|Any CPU.ActiveCfg = Debug|Any CPU
		{61A0E429-B0C0-4272-BBA3-1B83D12074D2}.Debug|Any CPU.Build.0 = Debug|Any CPU
		{61A0E429-B0C0-4272-BBA3-1B83D12074D2}.Release|Any CPU.ActiveCfg = Release|Any CPU
		{61A0E429-B0C0-4272-BBA3-1B83D12074D2}.Release|Any CPU.Build.0 = Release|Any CPU
		{04FB76C6-557A-499A-A22D-BABBC048B1A0}.Debug|Any CPU.ActiveCfg = Debug|Any CPU
		{04FB76C6-557A-499A-A22D-BABBC048B1A0}.Debug|Any CPU.Build.0 = Debug|Any CPU
		{04FB76C6-557A-499A-A22D-BABBC048B1A0}.Release|Any CPU.ActiveCfg = Release|Any CPU
		{04FB76C6-557A-499A-A22D-BABBC048B1A0}.Release|Any CPU.Build.0 = Release|Any CPU
		{946E1E35-66B1-4ADF-BA64-C0D490FD1428}.Debug|Any CPU.ActiveCfg = Debug|Any CPU
		{946E1E35-66B1-4ADF-BA64-C0D490FD1428}.Debug|Any CPU.Build.0 = Debug|Any CPU
		{946E1E35-66B1-4ADF-BA64-C0D490FD1428}.Release|Any CPU.ActiveCfg = Release|Any CPU
		{946E1E35-66B1-4ADF-BA64-C0D490FD1428}.Release|Any CPU.Build.0 = Release|Any CPU
		{31C472DB-F297-4173-B07B-DEAAB9DE331B}.Debug|Any CPU.ActiveCfg = Debug|Any CPU
		{31C472DB-F297-4173-B07B-DEAAB9DE331B}.Debug|Any CPU.Build.0 = Debug|Any CPU
		{31C472DB-F297-4173-B07B-DEAAB9DE331B}.Release|Any CPU.ActiveCfg = Release|Any CPU
		{31C472DB-F297-4173-B07B-DEAAB9DE331B}.Release|Any CPU.Build.0 = Release|Any CPU
		{EBCA46BD-41FD-44F8-B792-2423DD7F4E4F}.Debug|Any CPU.ActiveCfg = Debug|Any CPU
		{EBCA46BD-41FD-44F8-B792-2423DD7F4E4F}.Debug|Any CPU.Build.0 = Debug|Any CPU
		{EBCA46BD-41FD-44F8-B792-2423DD7F4E4F}.Release|Any CPU.ActiveCfg = Release|Any CPU
		{EBCA46BD-41FD-44F8-B792-2423DD7F4E4F}.Release|Any CPU.Build.0 = Release|Any CPU
		{85CE8263-57EC-47E0-BF97-4995BF73C19E}.Debug|Any CPU.ActiveCfg = Debug|Any CPU
		{85CE8263-57EC-47E0-BF97-4995BF73C19E}.Debug|Any CPU.Build.0 = Debug|Any CPU
		{85CE8263-57EC-47E0-BF97-4995BF73C19E}.Release|Any CPU.ActiveCfg = Release|Any CPU
		{85CE8263-57EC-47E0-BF97-4995BF73C19E}.Release|Any CPU.Build.0 = Release|Any CPU
		{97DBEC93-7776-4280-AEEA-A6299CF4A213}.Debug|Any CPU.ActiveCfg = Debug|Any CPU
		{97DBEC93-7776-4280-AEEA-A6299CF4A213}.Debug|Any CPU.Build.0 = Debug|Any CPU
		{97DBEC93-7776-4280-AEEA-A6299CF4A213}.Release|Any CPU.ActiveCfg = Release|Any CPU
		{97DBEC93-7776-4280-AEEA-A6299CF4A213}.Release|Any CPU.Build.0 = Release|Any CPU
		{17D23311-E0C8-4D62-8800-2F8EE376648D}.Debug|Any CPU.ActiveCfg = Debug|Any CPU
		{17D23311-E0C8-4D62-8800-2F8EE376648D}.Debug|Any CPU.Build.0 = Debug|Any CPU
		{17D23311-E0C8-4D62-8800-2F8EE376648D}.Release|Any CPU.ActiveCfg = Release|Any CPU
		{17D23311-E0C8-4D62-8800-2F8EE376648D}.Release|Any CPU.Build.0 = Release|Any CPU
		{12269B29-5094-4E71-911A-ED8B03FC5401}.Debug|Any CPU.ActiveCfg = Debug|Any CPU
		{12269B29-5094-4E71-911A-ED8B03FC5401}.Debug|Any CPU.Build.0 = Debug|Any CPU
		{12269B29-5094-4E71-911A-ED8B03FC5401}.Release|Any CPU.ActiveCfg = Release|Any CPU
		{12269B29-5094-4E71-911A-ED8B03FC5401}.Release|Any CPU.Build.0 = Release|Any CPU
		{F3C95844-1BAC-4E8E-9F86-4C04531D2AB8}.Debug|Any CPU.ActiveCfg = Debug|Any CPU
		{F3C95844-1BAC-4E8E-9F86-4C04531D2AB8}.Debug|Any CPU.Build.0 = Debug|Any CPU
		{F3C95844-1BAC-4E8E-9F86-4C04531D2AB8}.Release|Any CPU.ActiveCfg = Release|Any CPU
		{F3C95844-1BAC-4E8E-9F86-4C04531D2AB8}.Release|Any CPU.Build.0 = Release|Any CPU
		{7F6A3564-1383-4678-B17E-9D3F2A6FEF32}.Debug|Any CPU.ActiveCfg = Debug|Any CPU
		{7F6A3564-1383-4678-B17E-9D3F2A6FEF32}.Debug|Any CPU.Build.0 = Debug|Any CPU
		{7F6A3564-1383-4678-B17E-9D3F2A6FEF32}.Release|Any CPU.ActiveCfg = Release|Any CPU
		{7F6A3564-1383-4678-B17E-9D3F2A6FEF32}.Release|Any CPU.Build.0 = Release|Any CPU
		{EE3D93CD-39A2-4B95-97C0-29ABB76DA3D1}.Debug|Any CPU.ActiveCfg = Debug|Any CPU
		{EE3D93CD-39A2-4B95-97C0-29ABB76DA3D1}.Debug|Any CPU.Build.0 = Debug|Any CPU
		{EE3D93CD-39A2-4B95-97C0-29ABB76DA3D1}.Release|Any CPU.ActiveCfg = Release|Any CPU
		{EE3D93CD-39A2-4B95-97C0-29ABB76DA3D1}.Release|Any CPU.Build.0 = Release|Any CPU
		{D89A3C33-E0EE-4C55-B6EB-06A1994F56B3}.Debug|Any CPU.ActiveCfg = Debug|Any CPU
		{D89A3C33-E0EE-4C55-B6EB-06A1994F56B3}.Debug|Any CPU.Build.0 = Debug|Any CPU
		{D89A3C33-E0EE-4C55-B6EB-06A1994F56B3}.Release|Any CPU.ActiveCfg = Release|Any CPU
		{D89A3C33-E0EE-4C55-B6EB-06A1994F56B3}.Release|Any CPU.Build.0 = Release|Any CPU
		{57947A83-33E4-4A09-B2E9-99C749E20A7B}.Debug|Any CPU.ActiveCfg = Debug|Any CPU
		{57947A83-33E4-4A09-B2E9-99C749E20A7B}.Debug|Any CPU.Build.0 = Debug|Any CPU
		{57947A83-33E4-4A09-B2E9-99C749E20A7B}.Release|Any CPU.ActiveCfg = Release|Any CPU
		{57947A83-33E4-4A09-B2E9-99C749E20A7B}.Release|Any CPU.Build.0 = Release|Any CPU
		{11C3069D-C855-4FCA-8DB8-7E05BB1347B6}.Debug|Any CPU.ActiveCfg = Debug|Any CPU
		{11C3069D-C855-4FCA-8DB8-7E05BB1347B6}.Debug|Any CPU.Build.0 = Debug|Any CPU
		{11C3069D-C855-4FCA-8DB8-7E05BB1347B6}.Release|Any CPU.ActiveCfg = Release|Any CPU
		{11C3069D-C855-4FCA-8DB8-7E05BB1347B6}.Release|Any CPU.Build.0 = Release|Any CPU
		{2574F94D-D00F-4972-AF2D-FA5B87FFC7AA}.Debug|Any CPU.ActiveCfg = Debug|Any CPU
		{2574F94D-D00F-4972-AF2D-FA5B87FFC7AA}.Debug|Any CPU.Build.0 = Debug|Any CPU
		{2574F94D-D00F-4972-AF2D-FA5B87FFC7AA}.Release|Any CPU.ActiveCfg = Release|Any CPU
		{2574F94D-D00F-4972-AF2D-FA5B87FFC7AA}.Release|Any CPU.Build.0 = Release|Any CPU
		{442102FA-396C-4581-ADDF-6F66894DF48D}.Debug|Any CPU.ActiveCfg = Debug|Any CPU
		{442102FA-396C-4581-ADDF-6F66894DF48D}.Debug|Any CPU.Build.0 = Debug|Any CPU
		{442102FA-396C-4581-ADDF-6F66894DF48D}.Release|Any CPU.ActiveCfg = Release|Any CPU
		{442102FA-396C-4581-ADDF-6F66894DF48D}.Release|Any CPU.Build.0 = Release|Any CPU
		{AC8636A8-D190-407E-BED0-0925BB799A7B}.Debug|Any CPU.ActiveCfg = Debug|Any CPU
		{AC8636A8-D190-407E-BED0-0925BB799A7B}.Debug|Any CPU.Build.0 = Debug|Any CPU
		{AC8636A8-D190-407E-BED0-0925BB799A7B}.Release|Any CPU.ActiveCfg = Release|Any CPU
		{AC8636A8-D190-407E-BED0-0925BB799A7B}.Release|Any CPU.Build.0 = Release|Any CPU
		{A68C595B-A306-48CA-8537-B3C3354F3263}.Debug|Any CPU.ActiveCfg = Debug|Any CPU
		{A68C595B-A306-48CA-8537-B3C3354F3263}.Debug|Any CPU.Build.0 = Debug|Any CPU
		{A68C595B-A306-48CA-8537-B3C3354F3263}.Release|Any CPU.ActiveCfg = Release|Any CPU
		{A68C595B-A306-48CA-8537-B3C3354F3263}.Release|Any CPU.Build.0 = Release|Any CPU
		{72A484AB-E1E4-45F0-9FC6-6CC054E27990}.Debug|Any CPU.ActiveCfg = Debug|Any CPU
		{72A484AB-E1E4-45F0-9FC6-6CC054E27990}.Debug|Any CPU.Build.0 = Debug|Any CPU
		{72A484AB-E1E4-45F0-9FC6-6CC054E27990}.Release|Any CPU.ActiveCfg = Release|Any CPU
		{72A484AB-E1E4-45F0-9FC6-6CC054E27990}.Release|Any CPU.Build.0 = Release|Any CPU
		{477AC8E8-B389-4C95-B59C-F8376C6B2BE7}.Debug|Any CPU.ActiveCfg = Debug|Any CPU
		{477AC8E8-B389-4C95-B59C-F8376C6B2BE7}.Debug|Any CPU.Build.0 = Debug|Any CPU
		{477AC8E8-B389-4C95-B59C-F8376C6B2BE7}.Release|Any CPU.ActiveCfg = Release|Any CPU
		{477AC8E8-B389-4C95-B59C-F8376C6B2BE7}.Release|Any CPU.Build.0 = Release|Any CPU
		{95AB043C-C196-498C-94A8-AA53C1764F27}.Debug|Any CPU.ActiveCfg = Debug|Any CPU
		{95AB043C-C196-498C-94A8-AA53C1764F27}.Debug|Any CPU.Build.0 = Debug|Any CPU
		{95AB043C-C196-498C-94A8-AA53C1764F27}.Release|Any CPU.ActiveCfg = Release|Any CPU
		{95AB043C-C196-498C-94A8-AA53C1764F27}.Release|Any CPU.Build.0 = Release|Any CPU
		{64610B47-0834-43FB-9D3B-A5A6B66F22E5}.Debug|Any CPU.ActiveCfg = Debug|Any CPU
		{64610B47-0834-43FB-9D3B-A5A6B66F22E5}.Debug|Any CPU.Build.0 = Debug|Any CPU
		{64610B47-0834-43FB-9D3B-A5A6B66F22E5}.Release|Any CPU.ActiveCfg = Release|Any CPU
		{64610B47-0834-43FB-9D3B-A5A6B66F22E5}.Release|Any CPU.Build.0 = Release|Any CPU
		{3F3D9A74-2A5C-4C2A-8155-3FDF219F6CD3}.Debug|Any CPU.ActiveCfg = Debug|Any CPU
		{3F3D9A74-2A5C-4C2A-8155-3FDF219F6CD3}.Debug|Any CPU.Build.0 = Debug|Any CPU
		{3F3D9A74-2A5C-4C2A-8155-3FDF219F6CD3}.Release|Any CPU.ActiveCfg = Release|Any CPU
		{3F3D9A74-2A5C-4C2A-8155-3FDF219F6CD3}.Release|Any CPU.Build.0 = Release|Any CPU
		{AA4CDC40-985D-489B-973F-EC0127688420}.Debug|Any CPU.ActiveCfg = Debug|Any CPU
		{AA4CDC40-985D-489B-973F-EC0127688420}.Debug|Any CPU.Build.0 = Debug|Any CPU
		{AA4CDC40-985D-489B-973F-EC0127688420}.Release|Any CPU.ActiveCfg = Release|Any CPU
		{AA4CDC40-985D-489B-973F-EC0127688420}.Release|Any CPU.Build.0 = Release|Any CPU
		{B1FA515F-5BFC-4DE5-90FD-EEDB5AC881A5}.Debug|Any CPU.ActiveCfg = Debug|Any CPU
		{B1FA515F-5BFC-4DE5-90FD-EEDB5AC881A5}.Debug|Any CPU.Build.0 = Debug|Any CPU
		{B1FA515F-5BFC-4DE5-90FD-EEDB5AC881A5}.Release|Any CPU.ActiveCfg = Release|Any CPU
		{B1FA515F-5BFC-4DE5-90FD-EEDB5AC881A5}.Release|Any CPU.Build.0 = Release|Any CPU
		{3B443578-D6D4-4A4F-A7F7-2769CC566903}.Debug|Any CPU.ActiveCfg = Debug|Any CPU
		{3B443578-D6D4-4A4F-A7F7-2769CC566903}.Debug|Any CPU.Build.0 = Debug|Any CPU
		{3B443578-D6D4-4A4F-A7F7-2769CC566903}.Release|Any CPU.ActiveCfg = Release|Any CPU
		{3B443578-D6D4-4A4F-A7F7-2769CC566903}.Release|Any CPU.Build.0 = Release|Any CPU
		{370FFDF9-1DC6-4969-8739-FABE45F5C533}.Debug|Any CPU.ActiveCfg = Debug|Any CPU
		{370FFDF9-1DC6-4969-8739-FABE45F5C533}.Debug|Any CPU.Build.0 = Debug|Any CPU
		{370FFDF9-1DC6-4969-8739-FABE45F5C533}.Release|Any CPU.ActiveCfg = Release|Any CPU
		{370FFDF9-1DC6-4969-8739-FABE45F5C533}.Release|Any CPU.Build.0 = Release|Any CPU
		{1838C611-0FAC-444A-B7D1-96E9FC95724D}.Debug|Any CPU.ActiveCfg = Debug|Any CPU
		{1838C611-0FAC-444A-B7D1-96E9FC95724D}.Debug|Any CPU.Build.0 = Debug|Any CPU
		{1838C611-0FAC-444A-B7D1-96E9FC95724D}.Release|Any CPU.ActiveCfg = Release|Any CPU
		{1838C611-0FAC-444A-B7D1-96E9FC95724D}.Release|Any CPU.Build.0 = Release|Any CPU
		{C4A11A38-9DA4-4F29-9273-7FAE135E20B5}.Debug|Any CPU.ActiveCfg = Debug|Any CPU
		{C4A11A38-9DA4-4F29-9273-7FAE135E20B5}.Debug|Any CPU.Build.0 = Debug|Any CPU
		{C4A11A38-9DA4-4F29-9273-7FAE135E20B5}.Release|Any CPU.ActiveCfg = Release|Any CPU
		{C4A11A38-9DA4-4F29-9273-7FAE135E20B5}.Release|Any CPU.Build.0 = Release|Any CPU
	EndGlobalSection
	GlobalSection(SolutionProperties) = preSolution
		HideSolutionNode = FALSE
	EndGlobalSection
	GlobalSection(NestedProjects) = preSolution
		{F91520C8-C201-42DC-ABEC-22D21CC6B737} = {0F06B1D5-8770-4F4F-8462-897D0C71ECD3}
		{9A573D54-2961-49E2-B9D5-9192352FBF96} = {0F06B1D5-8770-4F4F-8462-897D0C71ECD3}
		{264624D8-11F4-47EB-876A-AA18B802D89B} = {0F06B1D5-8770-4F4F-8462-897D0C71ECD3}
		{CBD1E572-3A05-493E-B1C6-D5E2881B3832} = {80EA8BC7-D605-498B-BD65-92832DF14B82}
		{066D0235-F490-4846-973E-8F52BB9A0CFE} = {80EA8BC7-D605-498B-BD65-92832DF14B82}
		{61A0E429-B0C0-4272-BBA3-1B83D12074D2} = {80EA8BC7-D605-498B-BD65-92832DF14B82}
		{04FB76C6-557A-499A-A22D-BABBC048B1A0} = {80EA8BC7-D605-498B-BD65-92832DF14B82}
		{946E1E35-66B1-4ADF-BA64-C0D490FD1428} = {4E7D8AB3-BF9C-4D55-BDC8-039BDEFE5746}
		{31C472DB-F297-4173-B07B-DEAAB9DE331B} = {4E7D8AB3-BF9C-4D55-BDC8-039BDEFE5746}
		{EBCA46BD-41FD-44F8-B792-2423DD7F4E4F} = {80EA8BC7-D605-498B-BD65-92832DF14B82}
		{85CE8263-57EC-47E0-BF97-4995BF73C19E} = {80EA8BC7-D605-498B-BD65-92832DF14B82}
		{97DBEC93-7776-4280-AEEA-A6299CF4A213} = {FE45AFDF-3F27-4459-90F4-B8D2496C29A7}
		{17D23311-E0C8-4D62-8800-2F8EE376648D} = {FE45AFDF-3F27-4459-90F4-B8D2496C29A7}
		{12269B29-5094-4E71-911A-ED8B03FC5401} = {FE45AFDF-3F27-4459-90F4-B8D2496C29A7}
		{F3C95844-1BAC-4E8E-9F86-4C04531D2AB8} = {00DF34FE-7B81-47FE-BAB2-86FD695F7214}
		{7F6A3564-1383-4678-B17E-9D3F2A6FEF32} = {00DF34FE-7B81-47FE-BAB2-86FD695F7214}
		{EE3D93CD-39A2-4B95-97C0-29ABB76DA3D1} = {D2BC884A-CDE4-4CAD-B6D4-5A601AD768FF}
		{D89A3C33-E0EE-4C55-B6EB-06A1994F56B3} = {D2BC884A-CDE4-4CAD-B6D4-5A601AD768FF}
		{57947A83-33E4-4A09-B2E9-99C749E20A7B} = {0A0716E3-69D3-4200-83B4-3BA2B27D9389}
		{11C3069D-C855-4FCA-8DB8-7E05BB1347B6} = {CF1A2E24-BFC5-4310-92C7-873B96D90E49}
		{2574F94D-D00F-4972-AF2D-FA5B87FFC7AA} = {E0FAAD69-EF87-40E1-818E-DBDD6E48C17D}
		{442102FA-396C-4581-ADDF-6F66894DF48D} = {E0FAAD69-EF87-40E1-818E-DBDD6E48C17D}
		{AC8636A8-D190-407E-BED0-0925BB799A7B} = {E0FAAD69-EF87-40E1-818E-DBDD6E48C17D}
		{A68C595B-A306-48CA-8537-B3C3354F3263} = {E0FAAD69-EF87-40E1-818E-DBDD6E48C17D}
		{72A484AB-E1E4-45F0-9FC6-6CC054E27990} = {E0FAAD69-EF87-40E1-818E-DBDD6E48C17D}
		{477AC8E8-B389-4C95-B59C-F8376C6B2BE7} = {E0FAAD69-EF87-40E1-818E-DBDD6E48C17D}
		{95AB043C-C196-498C-94A8-AA53C1764F27} = {CF1A2E24-BFC5-4310-92C7-873B96D90E49}
		{64610B47-0834-43FB-9D3B-A5A6B66F22E5} = {E0FAAD69-EF87-40E1-818E-DBDD6E48C17D}
		{3F3D9A74-2A5C-4C2A-8155-3FDF219F6CD3} = {E0FAAD69-EF87-40E1-818E-DBDD6E48C17D}
		{AA4CDC40-985D-489B-973F-EC0127688420} = {B1D2F6F1-2B03-42BE-86CE-81A731322285}
		{B1FA515F-5BFC-4DE5-90FD-EEDB5AC881A5} = {4E7D8AB3-BF9C-4D55-BDC8-039BDEFE5746}
		{3B443578-D6D4-4A4F-A7F7-2769CC566903} = {88048ECB-E777-4712-B477-79563C21B34F}
		{370FFDF9-1DC6-4969-8739-FABE45F5C533} = {88048ECB-E777-4712-B477-79563C21B34F}
		{1838C611-0FAC-444A-B7D1-96E9FC95724D} = {E0FAAD69-EF87-40E1-818E-DBDD6E48C17D}
		{C4A11A38-9DA4-4F29-9273-7FAE135E20B5} = {E0FAAD69-EF87-40E1-818E-DBDD6E48C17D}
	EndGlobalSection
	GlobalSection(ExtensibilityGlobals) = postSolution
		SolutionGuid = {63FBB703-E5D3-491D-AA69-DCE9C62FA502}
	EndGlobalSection
EndGlobal
